
Microsoft Visual Studio Solution File, Format Version 12.00
# Visual Studio Version 16
VisualStudioVersion = 16.0.28917.181
MinimumVisualStudioVersion = 10.0.40219.1
Project("{FAE04EC0-301F-11D3-BF4B-00C04F79EFBC}") = "StackHomeWork", "StackHomeWork\StackHomeWork.csproj", "{60E3532E-5D2D-4747-9BA4-0851D6F65CE3}"
EndProject
Global
	GlobalSection(SolutionConfigurationPlatforms) = preSolution
		Debug|Any CPU = Debug|Any CPU
		Release|Any CPU = Release|Any CPU
	EndGlobalSection
	GlobalSection(ProjectConfigurationPlatforms) = postSolution
		{60E3532E-5D2D-4747-9BA4-0851D6F65CE3}.Debug|Any CPU.ActiveCfg = Debug|Any CPU
		{60E3532E-5D2D-4747-9BA4-0851D6F65CE3}.Debug|Any CPU.Build.0 = Debug|Any CPU
		{60E3532E-5D2D-4747-9BA4-0851D6F65CE3}.Release|Any CPU.ActiveCfg = Release|Any CPU
		{60E3532E-5D2D-4747-9BA4-0851D6F65CE3}.Release|Any CPU.Build.0 = Release|Any CPU
	EndGlobalSection
	GlobalSection(SolutionProperties) = preSolution
		HideSolutionNode = FALSE
	EndGlobalSection
	GlobalSection(ExtensibilityGlobals) = postSolution
		SolutionGuid = {169940B5-9636-4B5B-B5A1-8D535694BC70}
	EndGlobalSection
EndGlobal
